// !$*UTF8*$!
{
	archiveVersion = 1;
	classes = {
	};
	objectVersion = 50;
	objects = {

/* Begin PBXBuildFile section */
		255F77132147961F00419EFB /* ImageClassifier.mlmodel in Sources */ = {isa = PBXBuildFile; fileRef = 255F77122147961F00419EFB /* ImageClassifier.mlmodel */; };
		25F70450214787AB00EDE6F6 /* AppDelegate.swift in Sources */ = {isa = PBXBuildFile; fileRef = 25F7044F214787AB00EDE6F6 /* AppDelegate.swift */; };
		25F70452214787AB00EDE6F6 /* ViewController.swift in Sources */ = {isa = PBXBuildFile; fileRef = 25F70451214787AB00EDE6F6 /* ViewController.swift */; };
		25F70455214787AB00EDE6F6 /* Main.storyboard in Resources */ = {isa = PBXBuildFile; fileRef = 25F70453214787AB00EDE6F6 /* Main.storyboard */; };
		25F70457214787B000EDE6F6 /* Assets.xcassets in Resources */ = {isa = PBXBuildFile; fileRef = 25F70456214787B000EDE6F6 /* Assets.xcassets */; };
		25F7045A214787B000EDE6F6 /* LaunchScreen.storyboard in Resources */ = {isa = PBXBuildFile; fileRef = 25F70458214787B000EDE6F6 /* LaunchScreen.storyboard */; };
		25F70462214792FB00EDE6F6 /* Resnet50.mlmodel in Sources */ = {isa = PBXBuildFile; fileRef = 25F70461214792FB00EDE6F6 /* Resnet50.mlmodel */; };
/* End PBXBuildFile section */

/* Begin PBXFileReference section */
		255F77122147961F00419EFB /* ImageClassifier.mlmodel */ = {isa = PBXFileReference; lastKnownFileType = file.mlmodel; path = ImageClassifier.mlmodel; sourceTree = "<group>"; };
		25F7044C214787AB00EDE6F6 /* succulent love.app */ = {isa = PBXFileReference; explicitFileType = wrapper.application; includeInIndex = 0; path = "succulent love.app"; sourceTree = BUILT_PRODUCTS_DIR; };
		25F7044F214787AB00EDE6F6 /* AppDelegate.swift */ = {isa = PBXFileReference; lastKnownFileType = sourcecode.swift; path = AppDelegate.swift; sourceTree = "<group>"; };
		25F70451214787AB00EDE6F6 /* ViewController.swift */ = {isa = PBXFileReference; lastKnownFileType = sourcecode.swift; path = ViewController.swift; sourceTree = "<group>"; };
		25F70454214787AB00EDE6F6 /* Base */ = {isa = PBXFileReference; lastKnownFileType = file.storyboard; name = Base; path = Base.lproj/Main.storyboard; sourceTree = "<group>"; };
		25F70456214787B000EDE6F6 /* Assets.xcassets */ = {isa = PBXFileReference; lastKnownFileType = folder.assetcatalog; path = Assets.xcassets; sourceTree = "<group>"; };
		25F70459214787B000EDE6F6 /* Base */ = {isa = PBXFileReference; lastKnownFileType = file.storyboard; name = Base; path = Base.lproj/LaunchScreen.storyboard; sourceTree = "<group>"; };
		25F7045B214787B000EDE6F6 /* Info.plist */ = {isa = PBXFileReference; lastKnownFileType = text.plist.xml; path = Info.plist; sourceTree = "<group>"; };
		25F70461214792FB00EDE6F6 /* Resnet50.mlmodel */ = {isa = PBXFileReference; lastKnownFileType = file.mlmodel; path = Resnet50.mlmodel; sourceTree = SOURCE_ROOT; };
/* End PBXFileReference section */

/* Begin PBXFrameworksBuildPhase section */
		25F70449214787AB00EDE6F6 /* Frameworks */ = {
			isa = PBXFrameworksBuildPhase;
			buildActionMask = 2147483647;
			files = (
			);
			runOnlyForDeploymentPostprocessing = 0;
		};
/* End PBXFrameworksBuildPhase section */

/* Begin PBXGroup section */
		25F70443214787AB00EDE6F6 = {
			isa = PBXGroup;
			children = (
				25F7044E214787AB00EDE6F6 /* succulent love */,
				25F7044D214787AB00EDE6F6 /* Products */,
			);
			sourceTree = "<group>";
		};
		25F7044D214787AB00EDE6F6 /* Products */ = {
			isa = PBXGroup;
			children = (
				25F7044C214787AB00EDE6F6 /* succulent love.app */,
			);
			name = Products;
			sourceTree = "<group>";
		};
		25F7044E214787AB00EDE6F6 /* succulent love */ = {
			isa = PBXGroup;
			children = (
				25F7044F214787AB00EDE6F6 /* AppDelegate.swift */,
				25F70461214792FB00EDE6F6 /* Resnet50.mlmodel */,
				25F70451214787AB00EDE6F6 /* ViewController.swift */,
				25F70453214787AB00EDE6F6 /* Main.storyboard */,
				255F77122147961F00419EFB /* ImageClassifier.mlmodel */,
				25F70456214787B000EDE6F6 /* Assets.xcassets */,
				25F70458214787B000EDE6F6 /* LaunchScreen.storyboard */,
				25F7045B214787B000EDE6F6 /* Info.plist */,
			);
			path = "succulent love";
			sourceTree = "<group>";
		};
/* End PBXGroup section */

/* Begin PBXNativeTarget section */
		25F7044B214787AB00EDE6F6 /* succulent love */ = {
			isa = PBXNativeTarget;
			buildConfigurationList = 25F7045E214787B000EDE6F6 /* Build configuration list for PBXNativeTarget "succulent love" */;
			buildPhases = (
				25F70448214787AB00EDE6F6 /* Sources */,
				25F70449214787AB00EDE6F6 /* Frameworks */,
				25F7044A214787AB00EDE6F6 /* Resources */,
			);
			buildRules = (
			);
			dependencies = (
			);
			name = "succulent love";
			productName = "succulent love";
			productReference = 25F7044C214787AB00EDE6F6 /* succulent love.app */;
			productType = "com.apple.product-type.application";
		};
/* End PBXNativeTarget section */

/* Begin PBXProject section */
		25F70444214787AB00EDE6F6 /* Project object */ = {
			isa = PBXProject;
			attributes = {
				LastSwiftUpdateCheck = 0940;
				LastUpgradeCheck = 0940;
				ORGANIZATIONNAME = "Mert Dusunceli";
				TargetAttributes = {
					25F7044B214787AB00EDE6F6 = {
						CreatedOnToolsVersion = 9.4.1;
					};
				};
			};
			buildConfigurationList = 25F70447214787AB00EDE6F6 /* Build configuration list for PBXProject "succulent love" */;
			compatibilityVersion = "Xcode 9.3";
			developmentRegion = en;
			hasScannedForEncodings = 0;
			knownRegions = (
				en,
				Base,
			);
			mainGroup = 25F70443214787AB00EDE6F6;
			productRefGroup = 25F7044D214787AB00EDE6F6 /* Products */;
			projectDirPath = "";
			projectRoot = "";
			targets = (
				25F7044B214787AB00EDE6F6 /* succulent love */,
			);
		};
/* End PBXProject section */

/* Begin PBXResourcesBuildPhase section */
		25F7044A214787AB00EDE6F6 /* Resources */ = {
			isa = PBXResourcesBuildPhase;
			buildActionMask = 2147483647;
			files = (
				25F7045A214787B000EDE6F6 /* LaunchScreen.storyboard in Resources */,
				25F70457214787B000EDE6F6 /* Assets.xcassets in Resources */,
				25F70455214787AB00EDE6F6 /* Main.storyboard in Resources */,
			);
			runOnlyForDeploymentPostprocessing = 0;
		};
/* End PBXResourcesBuildPhase section */

/* Begin PBXSourcesBuildPhase section */
		25F70448214787AB00EDE6F6 /* Sources */ = {
			isa = PBXSourcesBuildPhase;
			buildActionMask = 2147483647;
			files = (
				25F70452214787AB00EDE6F6 /* ViewController.swift in Sources */,
				25F70462214792FB00EDE6F6 /* Resnet50.mlmodel in Sources */,
				25F70450214787AB00EDE6F6 /* AppDelegate.swift in Sources */,
				255F77132147961F00419EFB /* ImageClassifier.mlmodel in Sources */,
			);
			runOnlyForDeploymentPostprocessing = 0;
		};
/* End PBXSourcesBuildPhase section */

/* Begin PBXVariantGroup section */
		25F70453214787AB00EDE6F6 /* Main.storyboard */ = {
			isa = PBXVariantGroup;
			children = (
				25F70454214787AB00EDE6F6 /* Base */,
			);
			name = Main.storyboard;
			sourceTree = "<group>";
		};
		25F70458214787B000EDE6F6 /* LaunchScreen.storyboard */ = {
			isa = PBXVariantGroup;
			children = (
				25F70459214787B000EDE6F6 /* Base */,
			);
			name = LaunchScreen.storyboard;
			sourceTree = "<group>";
		};
/* End PBXVariantGroup section */

/* Begin XCBuildConfiguration section */
		25F7045C214787B000EDE6F6 /* Debug */ = {
			isa = XCBuildConfiguration;
			buildSettings = {
				ALWAYS_SEARCH_USER_PATHS = NO;
				CLANG_ANALYZER_NONNULL = YES;
				CLANG_ANALYZER_NUMBER_OBJECT_CONVERSION = YES_AGGRESSIVE;
				CLANG_CXX_LANGUAGE_STANDARD = "gnu++14";
				CLANG_CXX_LIBRARY = "libc++";
				CLANG_ENABLE_MODULES = YES;
				CLANG_ENABLE_OBJC_ARC = YES;
				CLANG_ENABLE_OBJC_WEAK = YES;
				CLANG_WARN_BLOCK_CAPTURE_AUTORELEASING = YES;
				CLANG_WARN_BOOL_CONVERSION = YES;
				CLANG_WARN_COMMA = YES;
				CLANG_WARN_CONSTANT_CONVERSION = YES;
				CLANG_WARN_DEPRECATED_OBJC_IMPLEMENTATIONS = YES;
				CLANG_WARN_DIRECT_OBJC_ISA_USAGE = YES_ERROR;
				CLANG_WARN_DOCUMENTATION_COMMENTS = YES;
				CLANG_WARN_EMPTY_BODY = YES;
				CLANG_WARN_ENUM_CONVERSION = YES;
				CLANG_WARN_INFINITE_RECURSION = YES;
				CLANG_WARN_INT_CONVERSION = YES;
				CLANG_WARN_NON_LITERAL_NULL_CONVERSION = YES;
				CLANG_WARN_OBJC_IMPLICIT_RETAIN_SELF = YES;
				CLANG_WARN_OBJC_LITERAL_CONVERSION = YES;
				CLANG_WARN_OBJC_ROOT_CLASS = YES_ERROR;
				CLANG_WARN_RANGE_LOOP_ANALYSIS = YES;
				CLANG_WARN_STRICT_PROTOTYPES = YES;
				CLANG_WARN_SUSPICIOUS_MOVE = YES;
				CLANG_WARN_UNGUARDED_AVAILABILITY = YES_AGGRESSIVE;
				CLANG_WARN_UNREACHABLE_CODE = YES;
				CLANG_WARN__DUPLICATE_METHOD_MATCH = YES;
				CODE_SIGN_IDENTITY = "iPhone Developer";
				COPY_PHASE_STRIP = NO;
				DEBUG_INFORMATION_FORMAT = dwarf;
				ENABLE_STRICT_OBJC_MSGSEND = YES;
				ENABLE_TESTABILITY = YES;
				GCC_C_LANGUAGE_STANDARD = gnu11;
				GCC_DYNAMIC_NO_PIC = NO;
				GCC_NO_COMMON_BLOCKS = YES;
				GCC_OPTIMIZATION_LEVEL = 0;
				GCC_PREPROCESSOR_DEFINITIONS = (
					"DEBUG=1",
					"$(inherited)",
				);
				GCC_WARN_64_TO_32_BIT_CONVERSION = YES;
				GCC_WARN_ABOUT_RETURN_TYPE = YES_ERROR;
				GCC_WARN_UNDECLARED_SELECTOR = YES;
				GCC_WARN_UNINITIALIZED_AUTOS = YES_AGGRESSIVE;
				GCC_WARN_UNUSED_FUNCTION = YES;
				GCC_WARN_UNUSED_VARIABLE = YES;
				IPHONEOS_DEPLOYMENT_TARGET = 11.4;
				MTL_ENABLE_DEBUG_INFO = YES;
				ONLY_ACTIVE_ARCH = YES;
				SDKROOT = iphoneos;
				SWIFT_ACTIVE_COMPILATION_CONDITIONS = DEBUG;
				SWIFT_OPTIMIZATION_LEVEL = "-Onone";
			};
			name = Debug;
		};
		25F7045D214787B000EDE6F6 /* Release */ = {
			isa = XCBuildConfiguration;
			buildSettings = {
				ALWAYS_SEARCH_USER_PATHS = NO;
				CLANG_ANALYZER_NONNULL = YES;
				CLANG_ANALYZER_NUMBER_OBJECT_CONVERSION = YES_AGGRESSIVE;
				CLANG_CXX_LANGUAGE_STANDARD = "gnu++14";
				CLANG_CXX_LIBRARY = "libc++";
				CLANG_ENABLE_MODULES = YES;
				CLANG_ENABLE_OBJC_ARC = YES;
				CLANG_ENABLE_OBJC_WEAK = YES;
				CLANG_WARN_BLOCK_CAPTURE_AUTORELEASING = YES;
				CLANG_WARN_BOOL_CONVERSION = YES;
				CLANG_WARN_COMMA = YES;
				CLANG_WARN_CONSTANT_CONVERSION = YES;
				CLANG_WARN_DEPRECATED_OBJC_IMPLEMENTATIONS = YES;
				CLANG_WARN_DIRECT_OBJC_ISA_USAGE = YES_ERROR;
				CLANG_WARN_DOCUMENTATION_COMMENTS = YES;
				CLANG_WARN_EMPTY_BODY = YES;
				CLANG_WARN_ENUM_CONVERSION = YES;
				CLANG_WARN_INFINITE_RECURSION = YES;
				CLANG_WARN_INT_CONVERSION = YES;
				CLANG_WARN_NON_LITERAL_NULL_CONVERSION = YES;
				CLANG_WARN_OBJC_IMPLICIT_RETAIN_SELF = YES;
				CLANG_WARN_OBJC_LITERAL_CONVERSION = YES;
				CLANG_WARN_OBJC_ROOT_CLASS = YES_ERROR;
				CLANG_WARN_RANGE_LOOP_ANALYSIS = YES;
				CLANG_WARN_STRICT_PROTOTYPES = YES;
				CLANG_WARN_SUSPICIOUS_MOVE = YES;
				CLANG_WARN_UNGUARDED_AVAILABILITY = YES_AGGRESSIVE;
				CLANG_WARN_UNREACHABLE_CODE = YES;
				CLANG_WARN__DUPLICATE_METHOD_MATCH = YES;
				CODE_SIGN_IDENTITY = "iPhone Developer";
				COPY_PHASE_STRIP = NO;
				DEBUG_INFORMATION_FORMAT = "dwarf-with-dsym";
				ENABLE_NS_ASSERTIONS = NO;
				ENABLE_STRICT_OBJC_MSGSEND = YES;
				GCC_C_LANGUAGE_STANDARD = gnu11;
				GCC_NO_COMMON_BLOCKS = YES;
				GCC_WARN_64_TO_32_BIT_CONVERSION = YES;
				GCC_WARN_ABOUT_RETURN_TYPE = YES_ERROR;
				GCC_WARN_UNDECLARED_SELECTOR = YES;
				GCC_WARN_UNINITIALIZED_AUTOS = YES_AGGRESSIVE;
				GCC_WARN_UNUSED_FUNCTION = YES;
				GCC_WARN_UNUSED_VARIABLE = YES;
				IPHONEOS_DEPLOYMENT_TARGET = 11.4;
				MTL_ENABLE_DEBUG_INFO = NO;
				SDKROOT = iphoneos;
				SWIFT_COMPILATION_MODE = wholemodule;
				SWIFT_OPTIMIZATION_LEVEL = "-O";
				VALIDATE_PRODUCT = YES;
			};
			name = Release;
		};
		25F7045F214787B000EDE6F6 /* Debug */ = {
			isa = XCBuildConfiguration;
			buildSettings = {
				ASSETCATALOG_COMPILER_APPICON_NAME = AppIcon;
				CODE_SIGN_STYLE = Automatic;
				DEVELOPMENT_TEAM = Z393G7VJ2B;
				INFOPLIST_FILE = "succulent love/Info.plist";
				LD_RUNPATH_SEARCH_PATHS = (
					"$(inherited)",
					"@executable_path/Frameworks",
				);
				PRODUCT_BUNDLE_IDENTIFIER = "mertdusunceli.com.succulent-love";
				PRODUCT_NAME = "$(TARGET_NAME)";
				SWIFT_VERSION = 4.0;
				TARGETED_DEVICE_FAMILY = "1,2";
			};
			name = Debug;
		};
		25F70460214787B000EDE6F6 /* Release */ = {
			isa = XCBuildConfiguration;
			buildSettings = {
				ASSETCATALOG_COMPILER_APPICON_NAME = AppIcon;
				CODE_SIGN_STYLE = Automatic;
				DEVELOPMENT_TEAM = Z393G7VJ2B;
				INFOPLIST_FILE = "succulent love/Info.plist";
				LD_RUNPATH_SEARCH_PATHS = (
					"$(inherited)",
					"@executable_path/Frameworks",
				);
				PRODUCT_BUNDLE_IDENTIFIER = "mertdusunceli.com.succulent-love";
				PRODUCT_NAME = "$(TARGET_NAME)";
				SWIFT_VERSION = 4.0;
				TARGETED_DEVICE_FAMILY = "1,2";
			};
			name = Release;
		};
/* End XCBuildConfiguration section */

/* Begin XCConfigurationList section */
		25F70447214787AB00EDE6F6 /* Build configuration list for PBXProject "succulent love" */ = {
			isa = XCConfigurationList;
			buildConfigurations = (
				25F7045C214787B000EDE6F6 /* Debug */,
				25F7045D214787B000EDE6F6 /* Release */,
			);
			defaultConfigurationIsVisible = 0;
			defaultConfigurationName = Release;
		};
		25F7045E214787B000EDE6F6 /* Build configuration list for PBXNativeTarget "succulent love" */ = {
			isa = XCConfigurationList;
			buildConfigurations = (
				25F7045F214787B000EDE6F6 /* Debug */,
				25F70460214787B000EDE6F6 /* Release */,
			);
			defaultConfigurationIsVisible = 0;
			defaultConfigurationName = Release;
		};
/* End XCConfigurationList section */
	};
	rootObject = 25F70444214787AB00EDE6F6 /* Project object */;
}
